
Microsoft Visual Studio Solution File, Format Version 12.00
# Visual Studio Version 17
VisualStudioVersion = 17.4.33205.214
MinimumVisualStudioVersion = 10.0.40219.1
Project("{FAE04EC0-301F-11D3-BF4B-00C04F79EFBC}") = "WindowsFormsApp4", "WindowsFormsApp4\WindowsFormsApp4.csproj", "{09B17A6A-9CE5-4B38-862F-F1005DAC5251}"
EndProject
Global
	GlobalSection(SolutionConfigurationPlatforms) = preSolution
		Debug|Any CPU = Debug|Any CPU
		Release|Any CPU = Release|Any CPU
	EndGlobalSection
	GlobalSection(ProjectConfigurationPlatforms) = postSolution
		{09B17A6A-9CE5-4B38-862F-F1005DAC5251}.Debug|Any CPU.ActiveCfg = Debug|Any CPU
		{09B17A6A-9CE5-4B38-862F-F1005DAC5251}.Debug|Any CPU.Build.0 = Debug|Any CPU
		{09B17A6A-9CE5-4B38-862F-F1005DAC5251}.Release|Any CPU.ActiveCfg = Release|Any CPU
		{09B17A6A-9CE5-4B38-862F-F1005DAC5251}.Release|Any CPU.Build.0 = Release|Any CPU
	EndGlobalSection
	GlobalSection(SolutionProperties) = preSolution
		HideSolutionNode = FALSE
	EndGlobalSection
	GlobalSection(ExtensibilityGlobals) = postSolution
		SolutionGuid = {52E6F947-94DF-4D68-AA86-CDB47A54DB18}
	EndGlobalSection
EndGlobal
